// !$*UTF8*$!
{
	archiveVersion = 1;
	classes = {
	};
	objectVersion = 46;
	objects = {

/* Begin PBXBuildFile section */
		ABDDA9371C4AD94900D8A1A3 /* main.m in Sources */ = {isa = PBXBuildFile; fileRef = ABDDA9361C4AD94900D8A1A3 /* main.m */; };
		ABDDA93F1C4AD95800D8A1A3 /* Patient.m in Sources */ = {isa = PBXBuildFile; fileRef = ABDDA93E1C4AD95800D8A1A3 /* Patient.m */; };
		ABDDA9421C4AD96700D8A1A3 /* Doctor.m in Sources */ = {isa = PBXBuildFile; fileRef = ABDDA9411C4AD96700D8A1A3 /* Doctor.m */; };
		ABDDA9451C4ADEA100D8A1A3 /* Doctors.m in Sources */ = {isa = PBXBuildFile; fileRef = ABDDA9441C4ADEA100D8A1A3 /* Doctors.m */; };
/* End PBXBuildFile section */

/* Begin PBXCopyFilesBuildPhase section */
		ABDDA9311C4AD94900D8A1A3 /* CopyFiles */ = {
			isa = PBXCopyFilesBuildPhase;
			buildActionMask = 2147483647;
			dstPath = /usr/share/man/man1/;
			dstSubfolderSpec = 0;
			files = (
			);
			runOnlyForDeploymentPostprocessing = 1;
		};
/* End PBXCopyFilesBuildPhase section */

/* Begin PBXFileReference section */
		ABDDA9331C4AD94900D8A1A3 /* Patient_Doctor2 */ = {isa = PBXFileReference; explicitFileType = "compiled.mach-o.executable"; includeInIndex = 0; path = Patient_Doctor2; sourceTree = BUILT_PRODUCTS_DIR; };
		ABDDA9361C4AD94900D8A1A3 /* main.m */ = {isa = PBXFileReference; lastKnownFileType = sourcecode.c.objc; path = main.m; sourceTree = "<group>"; };
		ABDDA93D1C4AD95800D8A1A3 /* Patient.h */ = {isa = PBXFileReference; fileEncoding = 4; lastKnownFileType = sourcecode.c.h; name = Patient.h; path = ../Patient.h; sourceTree = "<group>"; };
		ABDDA93E1C4AD95800D8A1A3 /* Patient.m */ = {isa = PBXFileReference; fileEncoding = 4; lastKnownFileType = sourcecode.c.objc; name = Patient.m; path = ../Patient.m; sourceTree = "<group>"; };
		ABDDA9401C4AD96700D8A1A3 /* Doctor.h */ = {isa = PBXFileReference; fileEncoding = 4; lastKnownFileType = sourcecode.c.h; name = Doctor.h; path = ../Doctor.h; sourceTree = "<group>"; };
		ABDDA9411C4AD96700D8A1A3 /* Doctor.m */ = {isa = PBXFileReference; fileEncoding = 4; lastKnownFileType = sourcecode.c.objc; name = Doctor.m; path = ../Doctor.m; sourceTree = "<group>"; };
		ABDDA9431C4ADEA100D8A1A3 /* Doctors.h */ = {isa = PBXFileReference; fileEncoding = 4; lastKnownFileType = sourcecode.c.h; name = Doctors.h; path = ../Doctors.h; sourceTree = "<group>"; };
		ABDDA9441C4ADEA100D8A1A3 /* Doctors.m */ = {isa = PBXFileReference; fileEncoding = 4; lastKnownFileType = sourcecode.c.objc; name = Doctors.m; path = ../Doctors.m; sourceTree = "<group>"; };
/* End PBXFileReference section */

/* Begin PBXFrameworksBuildPhase section */
		ABDDA9301C4AD94900D8A1A3 /* Frameworks */ = {
			isa = PBXFrameworksBuildPhase;
			buildActionMask = 2147483647;
			files = (
			);
			runOnlyForDeploymentPostprocessing = 0;
		};
/* End PBXFrameworksBuildPhase section */

/* Begin PBXGroup section */
		ABDDA92A1C4AD94800D8A1A3 = {
			isa = PBXGroup;
			children = (
				ABDDA9351C4AD94900D8A1A3 /* Patient_Doctor2 */,
				ABDDA9341C4AD94900D8A1A3 /* Products */,
			);
			sourceTree = "<group>";
		};
		ABDDA9341C4AD94900D8A1A3 /* Products */ = {
			isa = PBXGroup;
			children = (
				ABDDA9331C4AD94900D8A1A3 /* Patient_Doctor2 */,
			);
			name = Products;
			sourceTree = "<group>";
		};
		ABDDA9351C4AD94900D8A1A3 /* Patient_Doctor2 */ = {
			isa = PBXGroup;
			children = (
				ABDDA9361C4AD94900D8A1A3 /* main.m */,
				ABDDA93D1C4AD95800D8A1A3 /* Patient.h */,
				ABDDA93E1C4AD95800D8A1A3 /* Patient.m */,
				ABDDA9401C4AD96700D8A1A3 /* Doctor.h */,
				ABDDA9411C4AD96700D8A1A3 /* Doctor.m */,
				ABDDA9431C4ADEA100D8A1A3 /* Doctors.h */,
				ABDDA9441C4ADEA100D8A1A3 /* Doctors.m */,
			);
			path = Patient_Doctor2;
			sourceTree = "<group>";
		};
/* End PBXGroup section */

/* Begin PBXNativeTarget section */
		ABDDA9321C4AD94900D8A1A3 /* Patient_Doctor2 */ = {
			isa = PBXNativeTarget;
			buildConfigurationList = ABDDA93A1C4AD94900D8A1A3 /* Build configuration list for PBXNativeTarget "Patient_Doctor2" */;
			buildPhases = (
				ABDDA92F1C4AD94900D8A1A3 /* Sources */,
				ABDDA9301C4AD94900D8A1A3 /* Frameworks */,
				ABDDA9311C4AD94900D8A1A3 /* CopyFiles */,
			);
			buildRules = (
			);
			dependencies = (
			);
			name = Patient_Doctor2;
			productName = Patient_Doctor2;
			productReference = ABDDA9331C4AD94900D8A1A3 /* Patient_Doctor2 */;
			productType = "com.apple.product-type.tool";
		};
/* End PBXNativeTarget section */

/* Begin PBXProject section */
		ABDDA92B1C4AD94800D8A1A3 /* Project object */ = {
			isa = PBXProject;
			attributes = {
				LastUpgradeCheck = 0720;
				ORGANIZATIONNAME = "Kerry Toonen";
				TargetAttributes = {
					ABDDA9321C4AD94900D8A1A3 = {
						CreatedOnToolsVersion = 7.2;
					};
				};
			};
			buildConfigurationList = ABDDA92E1C4AD94800D8A1A3 /* Build configuration list for PBXProject "Patient_Doctor2" */;
			compatibilityVersion = "Xcode 3.2";
			developmentRegion = English;
			hasScannedForEncodings = 0;
			knownRegions = (
				en,
			);
			mainGroup = ABDDA92A1C4AD94800D8A1A3;
			productRefGroup = ABDDA9341C4AD94900D8A1A3 /* Products */;
			projectDirPath = "";
			projectRoot = "";
			targets = (
				ABDDA9321C4AD94900D8A1A3 /* Patient_Doctor2 */,
			);
		};
/* End PBXProject section */

/* Begin PBXSourcesBuildPhase section */
		ABDDA92F1C4AD94900D8A1A3 /* Sources */ = {
			isa = PBXSourcesBuildPhase;
			buildActionMask = 2147483647;
			files = (
				ABDDA9371C4AD94900D8A1A3 /* main.m in Sources */,
				ABDDA93F1C4AD95800D8A1A3 /* Patient.m in Sources */,
				ABDDA9451C4ADEA100D8A1A3 /* Doctors.m in Sources */,
				ABDDA9421C4AD96700D8A1A3 /* Doctor.m in Sources */,
			);
			runOnlyForDeploymentPostprocessing = 0;
		};
/* End PBXSourcesBuildPhase section */

/* Begin XCBuildConfiguration section */
		ABDDA9381C4AD94900D8A1A3 /* Debug */ = {
			isa = XCBuildConfiguration;
			buildSettings = {
				ALWAYS_SEARCH_USER_PATHS = NO;
				CLANG_CXX_LANGUAGE_STANDARD = "gnu++0x";
				CLANG_CXX_LIBRARY = "libc++";
				CLANG_ENABLE_MODULES = YES;
				CLANG_ENABLE_OBJC_ARC = YES;
				CLANG_WARN_BOOL_CONVERSION = YES;
				CLANG_WARN_CONSTANT_CONVERSION = YES;
				CLANG_WARN_DIRECT_OBJC_ISA_USAGE = YES_ERROR;
				CLANG_WARN_EMPTY_BODY = YES;
				CLANG_WARN_ENUM_CONVERSION = YES;
				CLANG_WARN_INT_CONVERSION = YES;
				CLANG_WARN_OBJC_ROOT_CLASS = YES_ERROR;
				CLANG_WARN_UNREACHABLE_CODE = YES;
				CLANG_WARN__DUPLICATE_METHOD_MATCH = YES;
				CODE_SIGN_IDENTITY = "-";
				COPY_PHASE_STRIP = NO;
				DEBUG_INFORMATION_FORMAT = dwarf;
				ENABLE_STRICT_OBJC_MSGSEND = YES;
				ENABLE_TESTABILITY = YES;
				GCC_C_LANGUAGE_STANDARD = gnu99;
				GCC_DYNAMIC_NO_PIC = NO;
				GCC_NO_COMMON_BLOCKS = YES;
				GCC_OPTIMIZATION_LEVEL = 0;
				GCC_PREPROCESSOR_DEFINITIONS = (
					"DEBUG=1",
					"$(inherited)",
				);
				GCC_WARN_64_TO_32_BIT_CONVERSION = YES;
				GCC_WARN_ABOUT_RETURN_TYPE = YES_ERROR;
				GCC_WARN_UNDECLARED_SELECTOR = YES;
				GCC_WARN_UNINITIALIZED_AUTOS = YES_AGGRESSIVE;
				GCC_WARN_UNUSED_FUNCTION = YES;
				GCC_WARN_UNUSED_VARIABLE = YES;
				MACOSX_DEPLOYMENT_TARGET = 10.11;
				MTL_ENABLE_DEBUG_INFO = YES;
				ONLY_ACTIVE_ARCH = YES;
				SDKROOT = macosx;
			};
			name = Debug;
		};
		ABDDA9391C4AD94900D8A1A3 /* Release */ = {
			isa = XCBuildConfiguration;
			buildSettings = {
				ALWAYS_SEARCH_USER_PATHS = NO;
				CLANG_CXX_LANGUAGE_STANDARD = "gnu++0x";
				CLANG_CXX_LIBRARY = "libc++";
				CLANG_ENABLE_MODULES = YES;
				CLANG_ENABLE_OBJC_ARC = YES;
				CLANG_WARN_BOOL_CONVERSION = YES;
				CLANG_WARN_CONSTANT_CONVERSION = YES;
				CLANG_WARN_DIRECT_OBJC_ISA_USAGE = YES_ERROR;
				CLANG_WARN_EMPTY_BODY = YES;
				CLANG_WARN_ENUM_CONVERSION = YES;
				CLANG_WARN_INT_CONVERSION = YES;
				CLANG_WARN_OBJC_ROOT_CLASS = YES_ERROR;
				CLANG_WARN_UNREACHABLE_CODE = YES;
				CLANG_WARN__DUPLICATE_METHOD_MATCH = YES;
				CODE_SIGN_IDENTITY = "-";
				COPY_PHASE_STRIP = NO;
				DEBUG_INFORMATION_FORMAT = "dwarf-with-dsym";
				ENABLE_NS_ASSERTIONS = NO;
				ENABLE_STRICT_OBJC_MSGSEND = YES;
				GCC_C_LANGUAGE_STANDARD = gnu99;
				GCC_NO_COMMON_BLOCKS = YES;
				GCC_WARN_64_TO_32_BIT_CONVERSION = YES;
				GCC_WARN_ABOUT_RETURN_TYPE = YES_ERROR;
				GCC_WARN_UNDECLARED_SELECTOR = YES;
				GCC_WARN_UNINITIALIZED_AUTOS = YES_AGGRESSIVE;
				GCC_WARN_UNUSED_FUNCTION = YES;
				GCC_WARN_UNUSED_VARIABLE = YES;
				MACOSX_DEPLOYMENT_TARGET = 10.11;
				MTL_ENABLE_DEBUG_INFO = NO;
				SDKROOT = macosx;
			};
			name = Release;
		};
		ABDDA93B1C4AD94900D8A1A3 /* Debug */ = {
			isa = XCBuildConfiguration;
			buildSettings = {
				PRODUCT_NAME = "$(TARGET_NAME)";
			};
			name = Debug;
		};
		ABDDA93C1C4AD94900D8A1A3 /* Release */ = {
			isa = XCBuildConfiguration;
			buildSettings = {
				PRODUCT_NAME = "$(TARGET_NAME)";
			};
			name = Release;
		};
/* End XCBuildConfiguration section */

/* Begin XCConfigurationList section */
		ABDDA92E1C4AD94800D8A1A3 /* Build configuration list for PBXProject "Patient_Doctor2" */ = {
			isa = XCConfigurationList;
			buildConfigurations = (
				ABDDA9381C4AD94900D8A1A3 /* Debug */,
				ABDDA9391C4AD94900D8A1A3 /* Release */,
			);
			defaultConfigurationIsVisible = 0;
			defaultConfigurationName = Release;
		};
		ABDDA93A1C4AD94900D8A1A3 /* Build configuration list for PBXNativeTarget "Patient_Doctor2" */ = {
			isa = XCConfigurationList;
			buildConfigurations = (
				ABDDA93B1C4AD94900D8A1A3 /* Debug */,
				ABDDA93C1C4AD94900D8A1A3 /* Release */,
			);
			defaultConfigurationIsVisible = 0;
		};
/* End XCConfigurationList section */
	};
	rootObject = ABDDA92B1C4AD94800D8A1A3 /* Project object */;
}
